        "prettier": "^2.8.8",
    "node_modules/@astrojs/check/node_modules/@astrojs/language-server": {
    "node_modules/@astrojs/check/node_modules/chokidar": {
      "version": "4.0.3",
      "resolved": "https://registry.npmjs.org/chokidar/-/chokidar-4.0.3.tgz",
      "integrity": "sha512-Qgzu8kfBvo+cA4962jnP1KkS6Dop5NS6g7R5LFYJr4b8Ub94PPQXUksCw9PvXoeXPRRddRNC5C1JQUR2SMGtnA==",
      "license": "MIT",
      "dependencies": {
        "readdirp": "^4.0.1"
      },
      "engines": {
        "node": ">= 14.16.0"
      },
      "funding": {
        "url": "https://paulmillr.com/funding/"
      }
    },
    "node_modules/@astrojs/check/node_modules/prettier": {
      "version": "3.5.3",
      "resolved": "https://registry.npmjs.org/prettier/-/prettier-3.5.3.tgz",
      "integrity": "sha512-QQtaxnoDJeAkDvDKWCLiwIXkTgRhwYDEQCghU9Z6q03iyek/rxRh/2lC3HB7P8sWT2xC/y5JDctPLBIGzHKbhw==",
      "license": "MIT",
      "optional": true,
      "peer": true,
      "bin": {
        "prettier": "bin/prettier.cjs"
      },
      "engines": {
        "node": ">=14"
      },
      "funding": {
        "url": "https://github.com/prettier/prettier?sponsor=1"
      }
    },
    "node_modules/@astrojs/check/node_modules/readdirp": {
      "version": "4.1.2",
      "resolved": "https://registry.npmjs.org/readdirp/-/readdirp-4.1.2.tgz",
      "integrity": "sha512-GDhwkLfywWL2s6vEjyhri+eXmfH6j1L7JE27WhqLeYzoh/A3DBaYGEj2H/HFZCn/kMfim73FXxEJTw06WtxQwg==",
      "license": "MIT",
      "engines": {
        "node": ">= 14.18.0"
      },
      "funding": {
        "type": "individual",
        "url": "https://paulmillr.com/funding/"
      }
    },
    "node_modules/@astrojs/compiler": {
      "version": "2.10.4",
      "resolved": "https://registry.npmjs.org/@astrojs/compiler/-/compiler-2.10.4.tgz",
      "integrity": "sha512-86B3QGagP99MvSNwuJGiYSBHnh8nLvm2Q1IFI15wIUJJsPeQTO3eb2uwBmrqRsXykeR/mBzH8XCgz5AAt1BJrQ==",
      "license": "MIT"
    },
    "node_modules/@astrojs/internal-helpers": {
      "version": "0.6.0",
      "resolved": "https://registry.npmjs.org/@astrojs/internal-helpers/-/internal-helpers-0.6.0.tgz",
      "integrity": "sha512-XgHIJDQaGlFnTr0sDp1PiJrtqsWzbHP2qkTU+JpQ8SnBewKP2IKOe/wqCkl0CyfyRXRu3TSWu4t/cpYMVfuBNA==",
      "license": "MIT"
    },
      "version": "2.4.14",
      "resolved": "https://registry.npmjs.org/@volar/kit/-/kit-2.4.14.tgz",
      "integrity": "sha512-kBcmHjEodtmYGJELHePZd2JdeYm4ZGOd9F/pQ1YETYIzAwy4Z491EkJ1nRSo/GTxwKt0XYwYA/dHSEgXecVHRA==",
        "@volar/language-service": "2.4.14",
        "@volar/typescript": "2.4.14",
      "version": "2.4.14",
      "resolved": "https://registry.npmjs.org/@volar/language-core/-/language-core-2.4.14.tgz",
      "integrity": "sha512-X6beusV0DvuVseaOEy7GoagS4rYHgDHnTrdOj5jeUb49fW5ceQyP9Ej5rBhqgz2wJggl+2fDbbojq1XKaxDi6w==",
        "@volar/source-map": "2.4.14"
      "version": "2.4.14",
      "resolved": "https://registry.npmjs.org/@volar/language-server/-/language-server-2.4.14.tgz",
      "integrity": "sha512-P3mGbQbW0v40UYBnb3DAaNtRYx6/MGOVKzdOWmBCGwjUkCR2xBkGrCFt05XnPDwFS/cTWDh2U6Mc9lpZ8Aecfw==",
        "@volar/language-core": "2.4.14",
        "@volar/language-service": "2.4.14",
        "@volar/typescript": "2.4.14",
      "version": "2.4.14",
      "resolved": "https://registry.npmjs.org/@volar/language-service/-/language-service-2.4.14.tgz",
      "integrity": "sha512-vNC3823EJohdzLTyjZoCMPwoWCfINB5emusniCkW5CGoGHQov4VVmT6yI5ncgP/NpgAIUv2NEkJooXvLHA4VeQ==",
        "@volar/language-core": "2.4.14",
      "version": "2.4.14",
      "resolved": "https://registry.npmjs.org/@volar/source-map/-/source-map-2.4.14.tgz",
      "integrity": "sha512-5TeKKMh7Sfxo8021cJfmBzcjfY1SsXsPMMjMvjY7ivesdnybqqS+GxGAoXHAOUawQTwtdUxgP65Im+dEmvWtYQ==",
      "version": "2.4.14",
      "resolved": "https://registry.npmjs.org/@volar/typescript/-/typescript-2.4.14.tgz",
      "integrity": "sha512-p8Z6f/bZM3/HyCdRNFZOEEzts51uV8WHeN8Tnfnm2EBv6FDB2TQLzfVx7aJvnl8ofKAOnS64B2O8bImBFaauRw==",
        "@volar/language-core": "2.4.14",
      "version": "2.8.8",
      "resolved": "https://registry.npmjs.org/prettier/-/prettier-2.8.8.tgz",
      "integrity": "sha512-tdN8qQGvNjw4CHbY+XXk0JgCXn9QiF21a55rBe5LJAU+kDyC4WQn4+awm2Xfk2lQMk5fKup9XgzTZtGkjBdP9Q==",
      "devOptional": true,
        "prettier": "bin-prettier.js"
        "node": ">=10.13.0"
      "version": "0.3.6",
      "resolved": "https://registry.npmjs.org/typescript-auto-import-cache/-/typescript-auto-import-cache-0.3.6.tgz",
      "integrity": "sha512-RpuHXrknHdVdK7wv/8ug3Fr0WNsNi5l5aB8MYYuXhq2UH5lnEB1htJ1smhtD5VeCsGr2p8mUDtd83LCQDFVgjQ==",
      "version": "6.3.6",
      "resolved": "https://registry.npmjs.org/vscode-css-languageservice/-/vscode-css-languageservice-6.3.6.tgz",
      "integrity": "sha512-fU4h8mT3KlvfRcbF74v/M+Gzbligav6QMx4AD/7CbclWPYOpGb9kgIswfpZVJbIcOEJJACI9iYizkNwdiAqlHw==",
        "vscode-uri": "^3.1.0"
      "version": "5.5.0",
      "resolved": "https://registry.npmjs.org/vscode-html-languageservice/-/vscode-html-languageservice-5.5.0.tgz",
      "integrity": "sha512-No6Er2P2L8IsXDnUFlp0bP4f2sdkJv+zJLZYFhtEQIp+2xNfxY8WYkhSxLJ/7bZhuV/aU55lmGSSHBVxSGer3Q==",
        "vscode-uri": "^3.1.0"
        "@astrojs/language-server": {
          "version": "2.15.4",
          "resolved": "https://registry.npmjs.org/@astrojs/language-server/-/language-server-2.15.4.tgz",
          "integrity": "sha512-JivzASqTPR2bao9BWsSc/woPHH7OGSGc9aMxXL4U6egVTqBycB3ZHdBJPuOCVtcGLrzdWTosAqVPz1BVoxE0+A==",
          "requires": {
            "@astrojs/compiler": "^2.10.3",
            "@astrojs/yaml2ts": "^0.2.2",
            "@jridgewell/sourcemap-codec": "^1.4.15",
            "@volar/kit": "~2.4.7",
            "@volar/language-core": "~2.4.7",
            "@volar/language-server": "~2.4.7",
            "@volar/language-service": "~2.4.7",
            "fast-glob": "^3.2.12",
            "muggle-string": "^0.4.1",
            "volar-service-css": "0.0.62",
            "volar-service-emmet": "0.0.62",
            "volar-service-html": "0.0.62",
            "volar-service-prettier": "0.0.62",
            "volar-service-typescript": "0.0.62",
            "volar-service-typescript-twoslash-queries": "0.0.62",
            "volar-service-yaml": "0.0.62",
            "vscode-html-languageservice": "^5.2.0",
            "vscode-uri": "^3.0.8"
          }
        },
        "prettier": {
          "version": "3.5.3",
          "resolved": "https://registry.npmjs.org/prettier/-/prettier-3.5.3.tgz",
          "integrity": "sha512-QQtaxnoDJeAkDvDKWCLiwIXkTgRhwYDEQCghU9Z6q03iyek/rxRh/2lC3HB7P8sWT2xC/y5JDctPLBIGzHKbhw==",
          "optional": true,
          "peer": true
        },
      "version": "2.4.14",
      "resolved": "https://registry.npmjs.org/@volar/kit/-/kit-2.4.14.tgz",
      "integrity": "sha512-kBcmHjEodtmYGJELHePZd2JdeYm4ZGOd9F/pQ1YETYIzAwy4Z491EkJ1nRSo/GTxwKt0XYwYA/dHSEgXecVHRA==",
        "@volar/language-service": "2.4.14",
        "@volar/typescript": "2.4.14",
      "version": "2.4.14",
      "resolved": "https://registry.npmjs.org/@volar/language-core/-/language-core-2.4.14.tgz",
      "integrity": "sha512-X6beusV0DvuVseaOEy7GoagS4rYHgDHnTrdOj5jeUb49fW5ceQyP9Ej5rBhqgz2wJggl+2fDbbojq1XKaxDi6w==",
        "@volar/source-map": "2.4.14"
      "version": "2.4.14",
      "resolved": "https://registry.npmjs.org/@volar/language-server/-/language-server-2.4.14.tgz",
      "integrity": "sha512-P3mGbQbW0v40UYBnb3DAaNtRYx6/MGOVKzdOWmBCGwjUkCR2xBkGrCFt05XnPDwFS/cTWDh2U6Mc9lpZ8Aecfw==",
        "@volar/language-core": "2.4.14",
        "@volar/language-service": "2.4.14",
        "@volar/typescript": "2.4.14",
      "version": "2.4.14",
      "resolved": "https://registry.npmjs.org/@volar/language-service/-/language-service-2.4.14.tgz",
      "integrity": "sha512-vNC3823EJohdzLTyjZoCMPwoWCfINB5emusniCkW5CGoGHQov4VVmT6yI5ncgP/NpgAIUv2NEkJooXvLHA4VeQ==",
        "@volar/language-core": "2.4.14",
      "version": "2.4.14",
      "resolved": "https://registry.npmjs.org/@volar/source-map/-/source-map-2.4.14.tgz",
      "integrity": "sha512-5TeKKMh7Sfxo8021cJfmBzcjfY1SsXsPMMjMvjY7ivesdnybqqS+GxGAoXHAOUawQTwtdUxgP65Im+dEmvWtYQ=="
      "version": "2.4.14",
      "resolved": "https://registry.npmjs.org/@volar/typescript/-/typescript-2.4.14.tgz",
      "integrity": "sha512-p8Z6f/bZM3/HyCdRNFZOEEzts51uV8WHeN8Tnfnm2EBv6FDB2TQLzfVx7aJvnl8ofKAOnS64B2O8bImBFaauRw==",
        "@volar/language-core": "2.4.14",
      "version": "2.8.8",
      "resolved": "https://registry.npmjs.org/prettier/-/prettier-2.8.8.tgz",
      "integrity": "sha512-tdN8qQGvNjw4CHbY+XXk0JgCXn9QiF21a55rBe5LJAU+kDyC4WQn4+awm2Xfk2lQMk5fKup9XgzTZtGkjBdP9Q==",
      "devOptional": true
      "version": "0.3.6",
      "resolved": "https://registry.npmjs.org/typescript-auto-import-cache/-/typescript-auto-import-cache-0.3.6.tgz",
      "integrity": "sha512-RpuHXrknHdVdK7wv/8ug3Fr0WNsNi5l5aB8MYYuXhq2UH5lnEB1htJ1smhtD5VeCsGr2p8mUDtd83LCQDFVgjQ==",
      "version": "6.3.6",
      "resolved": "https://registry.npmjs.org/vscode-css-languageservice/-/vscode-css-languageservice-6.3.6.tgz",
      "integrity": "sha512-fU4h8mT3KlvfRcbF74v/M+Gzbligav6QMx4AD/7CbclWPYOpGb9kgIswfpZVJbIcOEJJACI9iYizkNwdiAqlHw==",
        "vscode-uri": "^3.1.0"
      "version": "5.5.0",
      "resolved": "https://registry.npmjs.org/vscode-html-languageservice/-/vscode-html-languageservice-5.5.0.tgz",
      "integrity": "sha512-No6Er2P2L8IsXDnUFlp0bP4f2sdkJv+zJLZYFhtEQIp+2xNfxY8WYkhSxLJ/7bZhuV/aU55lmGSSHBVxSGer3Q==",
        "vscode-uri": "^3.1.0"
